
Microsoft Visual Studio Solution File, Format Version 12.00
# Visual Studio Version 16
VisualStudioVersion = 16.0.28729.10
MinimumVisualStudioVersion = 10.0.40219.1
Project("{FAE04EC0-301F-11D3-BF4B-00C04F79EFBC}") = "newcore", "newcore\newcore.csproj", "{CB352607-DE61-4F04-BE22-C9BCF3A02CE9}"
EndProject
Global
	GlobalSection(SolutionConfigurationPlatforms) = preSolution
		Debug|Any CPU = Debug|Any CPU
		Release|Any CPU = Release|Any CPU
	EndGlobalSection
	GlobalSection(ProjectConfigurationPlatforms) = postSolution
		{CB352607-DE61-4F04-BE22-C9BCF3A02CE9}.Debug|Any CPU.ActiveCfg = Debug|Any CPU
		{CB352607-DE61-4F04-BE22-C9BCF3A02CE9}.Debug|Any CPU.Build.0 = Debug|Any CPU
		{CB352607-DE61-4F04-BE22-C9BCF3A02CE9}.Release|Any CPU.ActiveCfg = Release|Any CPU
		{CB352607-DE61-4F04-BE22-C9BCF3A02CE9}.Release|Any CPU.Build.0 = Release|Any CPU
	EndGlobalSection
	GlobalSection(SolutionProperties) = preSolution
		HideSolutionNode = FALSE
	EndGlobalSection
	GlobalSection(ExtensibilityGlobals) = postSolution
		SolutionGuid = {66496DFB-1408-49A4-93BB-F9BD67DE39EE}
	EndGlobalSection
EndGlobal
